
Microsoft Visual Studio Solution File, Format Version 12.00
# Visual Studio Version 17
VisualStudioVersion = 17.4.33110.190
MinimumVisualStudioVersion = 10.0.40219.1
Project("{9A19103F-16F7-4668-BE54-9A1E7A4F7556}") = "LogCentre.Api", "LogCentre.Api\LogCentre.Api.csproj", "{E3874D5E-2110-43EE-8856-E8DC9CBDD787}"
EndProject
Project("{2150E333-8FDC-42A3-9474-1A3956D46DE8}") = "Data", "Data", "{E2C252F3-53B3-4AA9-8661-7336D181F79A}"
EndProject
Project("{9A19103F-16F7-4668-BE54-9A1E7A4F7556}") = "LogCentre.Data", "Data\LogCentre.Data\LogCentre.Data.csproj", "{0FFD4061-7364-4F45-B59E-947F32A8BCD9}"
EndProject
Project("{2150E333-8FDC-42A3-9474-1A3956D46DE8}") = "Services", "Services", "{8FA2559B-A82B-4188-9DD0-ABAFD0C73CE7}"
EndProject
Project("{9A19103F-16F7-4668-BE54-9A1E7A4F7556}") = "LogCentre.Services", "Services\LogCentre.Services\LogCentre.Services.csproj", "{5406B2CB-28AE-4AE6-A54D-37B7D4E70384}"
EndProject
Project("{2150E333-8FDC-42A3-9474-1A3956D46DE8}") = "Client", "Client", "{15A291B5-9AD9-4099-A6C9-3A49433B5181}"
EndProject
Project("{9A19103F-16F7-4668-BE54-9A1E7A4F7556}") = "LogCentre.Model", "Client\LogCentre.Model\LogCentre.Model.csproj", "{B40234FD-F189-410F-AA0A-684408C2168F}"
EndProject
Project("{2150E333-8FDC-42A3-9474-1A3956D46DE8}") = "!Solution Items", "!Solution Items", "{617B6D17-3BCB-40F5-B37D-2712350F2E58}"
	ProjectSection(SolutionItems) = preProject
		Solution Items\Deploy.sql = Solution Items\Deploy.sql
	EndProjectSection
EndProject
Project("{9A19103F-16F7-4668-BE54-9A1E7A4F7556}") = "LogCentre.SeedData", "Data\LogCentre.SeedData\LogCentre.SeedData.csproj", "{FEDE7CDD-C714-4168-95C4-7BB1AE2D9CBA}"
EndProject
Project("{FAE04EC0-301F-11D3-BF4B-00C04F79EFBC}") = "LogCentre.ApiClient", "Client\LogCentre.ApiClient\LogCentre.ApiClient.csproj", "{3DAA31AD-0A2F-4B52-8CD4-753650A8F7FF}"
EndProject
Global
	GlobalSection(SolutionConfigurationPlatforms) = preSolution
		Debug|Any CPU = Debug|Any CPU
		Release|Any CPU = Release|Any CPU
	EndGlobalSection
	GlobalSection(ProjectConfigurationPlatforms) = postSolution
		{E3874D5E-2110-43EE-8856-E8DC9CBDD787}.Debug|Any CPU.ActiveCfg = Debug|Any CPU
		{E3874D5E-2110-43EE-8856-E8DC9CBDD787}.Debug|Any CPU.Build.0 = Debug|Any CPU
		{E3874D5E-2110-43EE-8856-E8DC9CBDD787}.Release|Any CPU.ActiveCfg = Release|Any CPU
		{E3874D5E-2110-43EE-8856-E8DC9CBDD787}.Release|Any CPU.Build.0 = Release|Any CPU
		{0FFD4061-7364-4F45-B59E-947F32A8BCD9}.Debug|Any CPU.ActiveCfg = Debug|Any CPU
		{0FFD4061-7364-4F45-B59E-947F32A8BCD9}.Debug|Any CPU.Build.0 = Debug|Any CPU
		{0FFD4061-7364-4F45-B59E-947F32A8BCD9}.Release|Any CPU.ActiveCfg = Release|Any CPU
		{0FFD4061-7364-4F45-B59E-947F32A8BCD9}.Release|Any CPU.Build.0 = Release|Any CPU
		{5406B2CB-28AE-4AE6-A54D-37B7D4E70384}.Debug|Any CPU.ActiveCfg = Debug|Any CPU
		{5406B2CB-28AE-4AE6-A54D-37B7D4E70384}.Debug|Any CPU.Build.0 = Debug|Any CPU
		{5406B2CB-28AE-4AE6-A54D-37B7D4E70384}.Release|Any CPU.ActiveCfg = Release|Any CPU
		{5406B2CB-28AE-4AE6-A54D-37B7D4E70384}.Release|Any CPU.Build.0 = Release|Any CPU
		{B40234FD-F189-410F-AA0A-684408C2168F}.Debug|Any CPU.ActiveCfg = Debug|Any CPU
		{B40234FD-F189-410F-AA0A-684408C2168F}.Debug|Any CPU.Build.0 = Debug|Any CPU
		{B40234FD-F189-410F-AA0A-684408C2168F}.Release|Any CPU.ActiveCfg = Release|Any CPU
		{B40234FD-F189-410F-AA0A-684408C2168F}.Release|Any CPU.Build.0 = Release|Any CPU
		{FEDE7CDD-C714-4168-95C4-7BB1AE2D9CBA}.Debug|Any CPU.ActiveCfg = Debug|Any CPU
		{FEDE7CDD-C714-4168-95C4-7BB1AE2D9CBA}.Debug|Any CPU.Build.0 = Debug|Any CPU
		{FEDE7CDD-C714-4168-95C4-7BB1AE2D9CBA}.Release|Any CPU.ActiveCfg = Release|Any CPU
		{FEDE7CDD-C714-4168-95C4-7BB1AE2D9CBA}.Release|Any CPU.Build.0 = Release|Any CPU
		{3DAA31AD-0A2F-4B52-8CD4-753650A8F7FF}.Debug|Any CPU.ActiveCfg = Debug|Any CPU
		{3DAA31AD-0A2F-4B52-8CD4-753650A8F7FF}.Debug|Any CPU.Build.0 = Debug|Any CPU
		{3DAA31AD-0A2F-4B52-8CD4-753650A8F7FF}.Release|Any CPU.ActiveCfg = Release|Any CPU
		{3DAA31AD-0A2F-4B52-8CD4-753650A8F7FF}.Release|Any CPU.Build.0 = Release|Any CPU
	EndGlobalSection
	GlobalSection(SolutionProperties) = preSolution
		HideSolutionNode = FALSE
	EndGlobalSection
	GlobalSection(NestedProjects) = preSolution
		{0FFD4061-7364-4F45-B59E-947F32A8BCD9} = {E2C252F3-53B3-4AA9-8661-7336D181F79A}
		{5406B2CB-28AE-4AE6-A54D-37B7D4E70384} = {8FA2559B-A82B-4188-9DD0-ABAFD0C73CE7}
		{B40234FD-F189-410F-AA0A-684408C2168F} = {15A291B5-9AD9-4099-A6C9-3A49433B5181}
		{FEDE7CDD-C714-4168-95C4-7BB1AE2D9CBA} = {E2C252F3-53B3-4AA9-8661-7336D181F79A}
		{3DAA31AD-0A2F-4B52-8CD4-753650A8F7FF} = {15A291B5-9AD9-4099-A6C9-3A49433B5181}
	EndGlobalSection
	GlobalSection(ExtensibilityGlobals) = postSolution
		SolutionGuid = {77A8B079-05B3-4B0B-80C6-A6B38FA83F50}
	EndGlobalSection
EndGlobal
